
Microsoft Visual Studio Solution File, Format Version 12.00
# Visual Studio Version 17
VisualStudioVersion = 17.14.36717.8 d17.14
MinimumVisualStudioVersion = 10.0.40219.1
Project("{FAE04EC0-301F-11D3-BF4B-00C04F79EFBC}") = "ConsoleApp1", "ConsoleApp1.csproj", "{B335E8C2-21BC-474F-B2E8-BEAF6390B327}"
EndProject
Global
	GlobalSection(SolutionConfigurationPlatforms) = preSolution
		Debug|Any CPU = Debug|Any CPU
		Release|Any CPU = Release|Any CPU
	EndGlobalSection
	GlobalSection(ProjectConfigurationPlatforms) = postSolution
		{B335E8C2-21BC-474F-B2E8-BEAF6390B327}.Debug|Any CPU.ActiveCfg = Debug|Any CPU
		{B335E8C2-21BC-474F-B2E8-BEAF6390B327}.Debug|Any CPU.Build.0 = Debug|Any CPU
		{B335E8C2-21BC-474F-B2E8-BEAF6390B327}.Release|Any CPU.ActiveCfg = Release|Any CPU
		{B335E8C2-21BC-474F-B2E8-BEAF6390B327}.Release|Any CPU.Build.0 = Release|Any CPU
	EndGlobalSection
	GlobalSection(SolutionProperties) = preSolution
		HideSolutionNode = FALSE
	EndGlobalSection
	GlobalSection(ExtensibilityGlobals) = postSolution
		SolutionGuid = {6EA9C78D-B350-4F0A-85AC-21C6A017A371}
	EndGlobalSection
EndGlobal
